{
  "requires": true,
  "lockfileVersion": 1,
  "dependencies": {
    "nativescript-toast": {
      "version": "2.0.0",
      "resolved": "https://registry.npmjs.org/nativescript-toast/-/nativescript-toast-2.0.0.tgz",
      "integrity": "sha512-xqyNfFS894oGfrEVO7CjpioAQLiLNNcd77Euq9XIUTf1U3W0PsIgAJbLP7+kkVGIJxdLtlBkbcQ4wDmf2DCi1w=="
    }
  }
}
